{
  "pins" : [
    {
      "identity" : "eventsourcehttpbody",
      "kind" : "remoteSourceControl",
      "location" : "https://github.com/exyte/EventSourceHttpBody.git",
      "state" : {
        "revision" : "b000e62b83206dd6e00f2066cf08c96f232a4168",
        "version" : "0.1.5"
      }
    }
  ],
  "version" : 2
}
