// !$*UTF8*$!
{
	archiveVersion = 1;
	classes = {
	};
	objectVersion = 56;
	objects = {

/* Begin PBXBuildFile section */
		5B79B8E22C3BD3AB00411EDE /* ExyteOpenAI in Frameworks */ = {isa = PBXBuildFile; productRef = 5B79B8E12C3BD3AB00411EDE /* ExyteOpenAI */; };
		5BF4366B2C2AA23F0023B126 /* OpenAIAssistantsExampleApp.swift in Sources */ = {isa = PBXBuildFile; fileRef = 5BF4366A2C2AA23F0023B126 /* OpenAIAssistantsExampleApp.swift */; };
		5BF4366D2C2AA23F0023B126 /* ContentView.swift in Sources */ = {isa = PBXBuildFile; fileRef = 5BF4366C2C2AA23F0023B126 /* ContentView.swift */; };
		5BF4366F2C2AA2400023B126 /* Assets.xcassets in Resources */ = {isa = PBXBuildFile; fileRef = 5BF4366E2C2AA2400023B126 /* Assets.xcassets */; };
		5BF436722C2AA2400023B126 /* Preview Assets.xcassets in Resources */ = {isa = PBXBuildFile; fileRef = 5BF436712C2AA2400023B126 /* Preview Assets.xcassets */; };
		5BF4367D2C2AA9680023B126 /* ExyteChat in Frameworks */ = {isa = PBXBuildFile; productRef = 5BF4367C2C2AA9680023B126 /* ExyteChat */; };
		5BF436842C2AAB880023B126 /* BotChatView.swift in Sources */ = {isa = PBXBuildFile; fileRef = 5BF436822C2AAB880023B126 /* BotChatView.swift */; };
		5BF436852C2AAB880023B126 /* BotChatViewModel.swift in Sources */ = {isa = PBXBuildFile; fileRef = 5BF436832C2AAB880023B126 /* BotChatViewModel.swift */; };
		5BF4368B2C2AB7FC0023B126 /* AIManager.swift in Sources */ = {isa = PBXBuildFile; fileRef = 5BF4368A2C2AB7FC0023B126 /* AIManager.swift */; };
/* End PBXBuildFile section */

/* Begin PBXFileReference section */
		5B79B8DF2C3BD10400411EDE /* OpenAI */ = {isa = PBXFileReference; lastKnownFileType = wrapper; name = OpenAI; path = ..; sourceTree = "<group>"; };
		5BF436672C2AA23F0023B126 /* OpenAIAssistantsExample.app */ = {isa = PBXFileReference; explicitFileType = wrapper.application; includeInIndex = 0; path = OpenAIAssistantsExample.app; sourceTree = BUILT_PRODUCTS_DIR; };
		5BF4366A2C2AA23F0023B126 /* OpenAIAssistantsExampleApp.swift */ = {isa = PBXFileReference; lastKnownFileType = sourcecode.swift; path = OpenAIAssistantsExampleApp.swift; sourceTree = "<group>"; };
		5BF4366C2C2AA23F0023B126 /* ContentView.swift */ = {isa = PBXFileReference; lastKnownFileType = sourcecode.swift; path = ContentView.swift; sourceTree = "<group>"; };
		5BF4366E2C2AA2400023B126 /* Assets.xcassets */ = {isa = PBXFileReference; lastKnownFileType = folder.assetcatalog; path = Assets.xcassets; sourceTree = "<group>"; };
		5BF436712C2AA2400023B126 /* Preview Assets.xcassets */ = {isa = PBXFileReference; lastKnownFileType = folder.assetcatalog; path = "Preview Assets.xcassets"; sourceTree = "<group>"; };
		5BF436822C2AAB880023B126 /* BotChatView.swift */ = {isa = PBXFileReference; lastKnownFileType = sourcecode.swift; path = BotChatView.swift; sourceTree = "<group>"; };
		5BF436832C2AAB880023B126 /* BotChatViewModel.swift */ = {isa = PBXFileReference; lastKnownFileType = sourcecode.swift; path = BotChatViewModel.swift; sourceTree = "<group>"; };
		5BF4368A2C2AB7FC0023B126 /* AIManager.swift */ = {isa = PBXFileReference; lastKnownFileType = sourcecode.swift; path = AIManager.swift; sourceTree = "<group>"; };
/* End PBXFileReference section */

/* Begin PBXFrameworksBuildPhase section */
		5BF436642C2AA23F0023B126 /* Frameworks */ = {
			isa = PBXFrameworksBuildPhase;
			buildActionMask = 2147483647;
			files = (
				5B79B8E22C3BD3AB00411EDE /* ExyteOpenAI in Frameworks */,
				5BF4367D2C2AA9680023B126 /* ExyteChat in Frameworks */,
			);
			runOnlyForDeploymentPostprocessing = 0;
		};
/* End PBXFrameworksBuildPhase section */

/* Begin PBXGroup section */
		5BF4365E2C2AA23F0023B126 = {
			isa = PBXGroup;
			children = (
				5B79B8DF2C3BD10400411EDE /* OpenAI */,
				5BF436692C2AA23F0023B126 /* OpenAIAssistantsExample */,
				5BF436682C2AA23F0023B126 /* Products */,
				5BF436872C2AADD00023B126 /* Frameworks */,
			);
			sourceTree = "<group>";
		};
		5BF436682C2AA23F0023B126 /* Products */ = {
			isa = PBXGroup;
			children = (
				5BF436672C2AA23F0023B126 /* OpenAIAssistantsExample.app */,
			);
			name = Products;
			sourceTree = "<group>";
		};
		5BF436692C2AA23F0023B126 /* OpenAIAssistantsExample */ = {
			isa = PBXGroup;
			children = (
				5BF4366A2C2AA23F0023B126 /* OpenAIAssistantsExampleApp.swift */,
				5BF4366C2C2AA23F0023B126 /* ContentView.swift */,
				5BF4366E2C2AA2400023B126 /* Assets.xcassets */,
				5BF436702C2AA2400023B126 /* Preview Content */,
				5BF4368A2C2AB7FC0023B126 /* AIManager.swift */,
				5BF436822C2AAB880023B126 /* BotChatView.swift */,
				5BF436832C2AAB880023B126 /* BotChatViewModel.swift */,
			);
			path = OpenAIAssistantsExample;
			sourceTree = "<group>";
		};
		5BF436702C2AA2400023B126 /* Preview Content */ = {
			isa = PBXGroup;
			children = (
				5BF436712C2AA2400023B126 /* Preview Assets.xcassets */,
			);
			path = "Preview Content";
			sourceTree = "<group>";
		};
		5BF436872C2AADD00023B126 /* Frameworks */ = {
			isa = PBXGroup;
			children = (
			);
			name = Frameworks;
			sourceTree = "<group>";
		};
/* End PBXGroup section */

/* Begin PBXNativeTarget section */
		5BF436662C2AA23F0023B126 /* OpenAIAssistantsExample */ = {
			isa = PBXNativeTarget;
			buildConfigurationList = 5BF436752C2AA2400023B126 /* Build configuration list for PBXNativeTarget "OpenAIAssistantsExample" */;
			buildPhases = (
				5BF436632C2AA23F0023B126 /* Sources */,
				5BF436642C2AA23F0023B126 /* Frameworks */,
				5BF436652C2AA23F0023B126 /* Resources */,
			);
			buildRules = (
			);
			dependencies = (
			);
			name = OpenAIAssistantsExample;
			packageProductDependencies = (
				5BF4367C2C2AA9680023B126 /* ExyteChat */,
				5B79B8E12C3BD3AB00411EDE /* ExyteOpenAI */,
			);
			productName = OpenAIAssistantsExample;
			productReference = 5BF436672C2AA23F0023B126 /* OpenAIAssistantsExample.app */;
			productType = "com.apple.product-type.application";
		};
/* End PBXNativeTarget section */

/* Begin PBXProject section */
		5BF4365F2C2AA23F0023B126 /* Project object */ = {
			isa = PBXProject;
			attributes = {
				BuildIndependentTargetsInParallel = 1;
				LastSwiftUpdateCheck = 1500;
				LastUpgradeCheck = 1500;
				TargetAttributes = {
					5BF436662C2AA23F0023B126 = {
						CreatedOnToolsVersion = 15.0.1;
					};
				};
			};
			buildConfigurationList = 5BF436622C2AA23F0023B126 /* Build configuration list for PBXProject "OpenAIAssistantsExample" */;
			compatibilityVersion = "Xcode 14.0";
			developmentRegion = en;
			hasScannedForEncodings = 0;
			knownRegions = (
				en,
				Base,
			);
			mainGroup = 5BF4365E2C2AA23F0023B126;
			packageReferences = (
				5BF4367B2C2AA9680023B126 /* XCRemoteSwiftPackageReference "Chat" */,
			);
			productRefGroup = 5BF436682C2AA23F0023B126 /* Products */;
			projectDirPath = "";
			projectRoot = "";
			targets = (
				5BF436662C2AA23F0023B126 /* OpenAIAssistantsExample */,
			);
		};
/* End PBXProject section */

/* Begin PBXResourcesBuildPhase section */
		5BF436652C2AA23F0023B126 /* Resources */ = {
			isa = PBXResourcesBuildPhase;
			buildActionMask = 2147483647;
			files = (
				5BF436722C2AA2400023B126 /* Preview Assets.xcassets in Resources */,
				5BF4366F2C2AA2400023B126 /* Assets.xcassets in Resources */,
			);
			runOnlyForDeploymentPostprocessing = 0;
		};
/* End PBXResourcesBuildPhase section */

/* Begin PBXSourcesBuildPhase section */
		5BF436632C2AA23F0023B126 /* Sources */ = {
			isa = PBXSourcesBuildPhase;
			buildActionMask = 2147483647;
			files = (
				5BF4366D2C2AA23F0023B126 /* ContentView.swift in Sources */,
				5BF436842C2AAB880023B126 /* BotChatView.swift in Sources */,
				5BF436852C2AAB880023B126 /* BotChatViewModel.swift in Sources */,
				5BF4368B2C2AB7FC0023B126 /* AIManager.swift in Sources */,
				5BF4366B2C2AA23F0023B126 /* OpenAIAssistantsExampleApp.swift in Sources */,
			);
			runOnlyForDeploymentPostprocessing = 0;
		};
/* End PBXSourcesBuildPhase section */

/* Begin XCBuildConfiguration section */
		5BF436732C2AA2400023B126 /* Debug */ = {
			isa = XCBuildConfiguration;
			buildSettings = {
				ALWAYS_SEARCH_USER_PATHS = NO;
				ASSETCATALOG_COMPILER_GENERATE_SWIFT_ASSET_SYMBOL_EXTENSIONS = YES;
				CLANG_ANALYZER_NONNULL = YES;
				CLANG_ANALYZER_NUMBER_OBJECT_CONVERSION = YES_AGGRESSIVE;
				CLANG_CXX_LANGUAGE_STANDARD = "gnu++20";
				CLANG_ENABLE_MODULES = YES;
				CLANG_ENABLE_OBJC_ARC = YES;
				CLANG_ENABLE_OBJC_WEAK = YES;
				CLANG_WARN_BLOCK_CAPTURE_AUTORELEASING = YES;
				CLANG_WARN_BOOL_CONVERSION = YES;
				CLANG_WARN_COMMA = YES;
				CLANG_WARN_CONSTANT_CONVERSION = YES;
				CLANG_WARN_DEPRECATED_OBJC_IMPLEMENTATIONS = YES;
				CLANG_WARN_DIRECT_OBJC_ISA_USAGE = YES_ERROR;
				CLANG_WARN_DOCUMENTATION_COMMENTS = YES;
				CLANG_WARN_EMPTY_BODY = YES;
				CLANG_WARN_ENUM_CONVERSION = YES;
				CLANG_WARN_INFINITE_RECURSION = YES;
				CLANG_WARN_INT_CONVERSION = YES;
				CLANG_WARN_NON_LITERAL_NULL_CONVERSION = YES;
				CLANG_WARN_OBJC_IMPLICIT_RETAIN_SELF = YES;
				CLANG_WARN_OBJC_LITERAL_CONVERSION = YES;
				CLANG_WARN_OBJC_ROOT_CLASS = YES_ERROR;
				CLANG_WARN_QUOTED_INCLUDE_IN_FRAMEWORK_HEADER = YES;
				CLANG_WARN_RANGE_LOOP_ANALYSIS = YES;
				CLANG_WARN_STRICT_PROTOTYPES = YES;
				CLANG_WARN_SUSPICIOUS_MOVE = YES;
				CLANG_WARN_UNGUARDED_AVAILABILITY = YES_AGGRESSIVE;
				CLANG_WARN_UNREACHABLE_CODE = YES;
				CLANG_WARN__DUPLICATE_METHOD_MATCH = YES;
				COPY_PHASE_STRIP = NO;
				DEBUG_INFORMATION_FORMAT = dwarf;
				ENABLE_STRICT_OBJC_MSGSEND = YES;
				ENABLE_TESTABILITY = YES;
				ENABLE_USER_SCRIPT_SANDBOXING = YES;
				GCC_C_LANGUAGE_STANDARD = gnu17;
				GCC_DYNAMIC_NO_PIC = NO;
				GCC_NO_COMMON_BLOCKS = YES;
				GCC_OPTIMIZATION_LEVEL = 0;
				GCC_PREPROCESSOR_DEFINITIONS = (
					"DEBUG=1",
					"$(inherited)",
				);
				GCC_WARN_64_TO_32_BIT_CONVERSION = YES;
				GCC_WARN_ABOUT_RETURN_TYPE = YES_ERROR;
				GCC_WARN_UNDECLARED_SELECTOR = YES;
				GCC_WARN_UNINITIALIZED_AUTOS = YES_AGGRESSIVE;
				GCC_WARN_UNUSED_FUNCTION = YES;
				GCC_WARN_UNUSED_VARIABLE = YES;
				IPHONEOS_DEPLOYMENT_TARGET = 17.0;
				LOCALIZATION_PREFERS_STRING_CATALOGS = YES;
				MTL_ENABLE_DEBUG_INFO = INCLUDE_SOURCE;
				MTL_FAST_MATH = YES;
				ONLY_ACTIVE_ARCH = YES;
				SDKROOT = iphoneos;
				SWIFT_ACTIVE_COMPILATION_CONDITIONS = "DEBUG $(inherited)";
				SWIFT_OPTIMIZATION_LEVEL = "-Onone";
			};
			name = Debug;
		};
		5BF436742C2AA2400023B126 /* Release */ = {
			isa = XCBuildConfiguration;
			buildSettings = {
				ALWAYS_SEARCH_USER_PATHS = NO;
				ASSETCATALOG_COMPILER_GENERATE_SWIFT_ASSET_SYMBOL_EXTENSIONS = YES;
				CLANG_ANALYZER_NONNULL = YES;
				CLANG_ANALYZER_NUMBER_OBJECT_CONVERSION = YES_AGGRESSIVE;
				CLANG_CXX_LANGUAGE_STANDARD = "gnu++20";
				CLANG_ENABLE_MODULES = YES;
				CLANG_ENABLE_OBJC_ARC = YES;
				CLANG_ENABLE_OBJC_WEAK = YES;
				CLANG_WARN_BLOCK_CAPTURE_AUTORELEASING = YES;
				CLANG_WARN_BOOL_CONVERSION = YES;
				CLANG_WARN_COMMA = YES;
				CLANG_WARN_CONSTANT_CONVERSION = YES;
				CLANG_WARN_DEPRECATED_OBJC_IMPLEMENTATIONS = YES;
				CLANG_WARN_DIRECT_OBJC_ISA_USAGE = YES_ERROR;
				CLANG_WARN_DOCUMENTATION_COMMENTS = YES;
				CLANG_WARN_EMPTY_BODY = YES;
				CLANG_WARN_ENUM_CONVERSION = YES;
				CLANG_WARN_INFINITE_RECURSION = YES;
				CLANG_WARN_INT_CONVERSION = YES;
				CLANG_WARN_NON_LITERAL_NULL_CONVERSION = YES;
				CLANG_WARN_OBJC_IMPLICIT_RETAIN_SELF = YES;
				CLANG_WARN_OBJC_LITERAL_CONVERSION = YES;
				CLANG_WARN_OBJC_ROOT_CLASS = YES_ERROR;
				CLANG_WARN_QUOTED_INCLUDE_IN_FRAMEWORK_HEADER = YES;
				CLANG_WARN_RANGE_LOOP_ANALYSIS = YES;
				CLANG_WARN_STRICT_PROTOTYPES = YES;
				CLANG_WARN_SUSPICIOUS_MOVE = YES;
				CLANG_WARN_UNGUARDED_AVAILABILITY = YES_AGGRESSIVE;
				CLANG_WARN_UNREACHABLE_CODE = YES;
				CLANG_WARN__DUPLICATE_METHOD_MATCH = YES;
				COPY_PHASE_STRIP = NO;
				DEBUG_INFORMATION_FORMAT = "dwarf-with-dsym";
				ENABLE_NS_ASSERTIONS = NO;
				ENABLE_STRICT_OBJC_MSGSEND = YES;
				ENABLE_USER_SCRIPT_SANDBOXING = YES;
				GCC_C_LANGUAGE_STANDARD = gnu17;
				GCC_NO_COMMON_BLOCKS = YES;
				GCC_WARN_64_TO_32_BIT_CONVERSION = YES;
				GCC_WARN_ABOUT_RETURN_TYPE = YES_ERROR;
				GCC_WARN_UNDECLARED_SELECTOR = YES;
				GCC_WARN_UNINITIALIZED_AUTOS = YES_AGGRESSIVE;
				GCC_WARN_UNUSED_FUNCTION = YES;
				GCC_WARN_UNUSED_VARIABLE = YES;
				IPHONEOS_DEPLOYMENT_TARGET = 17.0;
				LOCALIZATION_PREFERS_STRING_CATALOGS = YES;
				MTL_ENABLE_DEBUG_INFO = NO;
				MTL_FAST_MATH = YES;
				SDKROOT = iphoneos;
				SWIFT_COMPILATION_MODE = wholemodule;
				VALIDATE_PRODUCT = YES;
			};
			name = Release;
		};
		5BF436762C2AA2400023B126 /* Debug */ = {
			isa = XCBuildConfiguration;
			buildSettings = {
				ASSETCATALOG_COMPILER_APPICON_NAME = AppIcon;
				ASSETCATALOG_COMPILER_GLOBAL_ACCENT_COLOR_NAME = AccentColor;
				CODE_SIGN_STYLE = Automatic;
				CURRENT_PROJECT_VERSION = 1;
				DEVELOPMENT_ASSET_PATHS = "\"OpenAIAssistantsExample/Preview Content\"";
				ENABLE_PREVIEWS = YES;
				GENERATE_INFOPLIST_FILE = YES;
				INFOPLIST_KEY_NSMicrophoneUsageDescription = "Please allow the use of a microphone";
				INFOPLIST_KEY_UIApplicationSceneManifest_Generation = YES;
				INFOPLIST_KEY_UIApplicationSupportsIndirectInputEvents = YES;
				INFOPLIST_KEY_UILaunchScreen_Generation = YES;
				INFOPLIST_KEY_UISupportedInterfaceOrientations_iPad = "UIInterfaceOrientationPortrait UIInterfaceOrientationPortraitUpsideDown UIInterfaceOrientationLandscapeLeft UIInterfaceOrientationLandscapeRight";
				INFOPLIST_KEY_UISupportedInterfaceOrientations_iPhone = "UIInterfaceOrientationPortrait UIInterfaceOrientationLandscapeLeft UIInterfaceOrientationLandscapeRight";
				LD_RUNPATH_SEARCH_PATHS = (
					"$(inherited)",
					"@executable_path/Frameworks",
				);
				MARKETING_VERSION = 1.0;
				PRODUCT_BUNDLE_IDENTIFIER = exyte.OpenAIAssistantsExample;
				PRODUCT_NAME = "$(TARGET_NAME)";
				SWIFT_EMIT_LOC_STRINGS = YES;
				SWIFT_VERSION = 5.0;
				TARGETED_DEVICE_FAMILY = "1,2";
			};
			name = Debug;
		};
		5BF436772C2AA2400023B126 /* Release */ = {
			isa = XCBuildConfiguration;
			buildSettings = {
				ASSETCATALOG_COMPILER_APPICON_NAME = AppIcon;
				ASSETCATALOG_COMPILER_GLOBAL_ACCENT_COLOR_NAME = AccentColor;
				CODE_SIGN_STYLE = Automatic;
				CURRENT_PROJECT_VERSION = 1;
				DEVELOPMENT_ASSET_PATHS = "\"OpenAIAssistantsExample/Preview Content\"";
				ENABLE_PREVIEWS = YES;
				GENERATE_INFOPLIST_FILE = YES;
				INFOPLIST_KEY_NSMicrophoneUsageDescription = "Please allow the use of a microphone";
				INFOPLIST_KEY_UIApplicationSceneManifest_Generation = YES;
				INFOPLIST_KEY_UIApplicationSupportsIndirectInputEvents = YES;
				INFOPLIST_KEY_UILaunchScreen_Generation = YES;
				INFOPLIST_KEY_UISupportedInterfaceOrientations_iPad = "UIInterfaceOrientationPortrait UIInterfaceOrientationPortraitUpsideDown UIInterfaceOrientationLandscapeLeft UIInterfaceOrientationLandscapeRight";
				INFOPLIST_KEY_UISupportedInterfaceOrientations_iPhone = "UIInterfaceOrientationPortrait UIInterfaceOrientationLandscapeLeft UIInterfaceOrientationLandscapeRight";
				LD_RUNPATH_SEARCH_PATHS = (
					"$(inherited)",
					"@executable_path/Frameworks",
				);
				MARKETING_VERSION = 1.0;
				PRODUCT_BUNDLE_IDENTIFIER = exyte.OpenAIAssistantsExample;
				PRODUCT_NAME = "$(TARGET_NAME)";
				SWIFT_EMIT_LOC_STRINGS = YES;
				SWIFT_VERSION = 5.0;
				TARGETED_DEVICE_FAMILY = "1,2";
			};
			name = Release;
		};
/* End XCBuildConfiguration section */

/* Begin XCConfigurationList section */
		5BF436622C2AA23F0023B126 /* Build configuration list for PBXProject "OpenAIAssistantsExample" */ = {
			isa = XCConfigurationList;
			buildConfigurations = (
				5BF436732C2AA2400023B126 /* Debug */,
				5BF436742C2AA2400023B126 /* Release */,
			);
			defaultConfigurationIsVisible = 0;
			defaultConfigurationName = Release;
		};
		5BF436752C2AA2400023B126 /* Build configuration list for PBXNativeTarget "OpenAIAssistantsExample" */ = {
			isa = XCConfigurationList;
			buildConfigurations = (
				5BF436762C2AA2400023B126 /* Debug */,
				5BF436772C2AA2400023B126 /* Release */,
			);
			defaultConfigurationIsVisible = 0;
			defaultConfigurationName = Release;
		};
/* End XCConfigurationList section */

/* Begin XCRemoteSwiftPackageReference section */
		5BF4367B2C2AA9680023B126 /* XCRemoteSwiftPackageReference "Chat" */ = {
			isa = XCRemoteSwiftPackageReference;
			repositoryURL = "https://github.com/exyte/Chat";
			requirement = {
				kind = upToNextMajorVersion;
				minimumVersion = 1.3.8;
			};
		};
/* End XCRemoteSwiftPackageReference section */

/* Begin XCSwiftPackageProductDependency section */
		5B79B8E12C3BD3AB00411EDE /* ExyteOpenAI */ = {
			isa = XCSwiftPackageProductDependency;
			productName = ExyteOpenAI;
		};
		5BF4367C2C2AA9680023B126 /* ExyteChat */ = {
			isa = XCSwiftPackageProductDependency;
			package = 5BF4367B2C2AA9680023B126 /* XCRemoteSwiftPackageReference "Chat" */;
			productName = ExyteChat;
		};
/* End XCSwiftPackageProductDependency section */
	};
	rootObject = 5BF4365F2C2AA23F0023B126 /* Project object */;
}
